Microsoft Visual Studio Solution File, Format Version 11.00
# Visual Studio 2008

Project("{39447F25-C21B-EF01-3094-15838AD02C5C}") = "Project_D", "Assembly-CSharp.csproj", "{35493963-02FE-E20E-2AC4-50E2A6C30648}"
EndProject
Project("{39447F25-C21B-EF01-3094-15838AD02C5C}") = "Project_D", "Assembly-CSharp-Editor.csproj", "{B3897355-01A4-4345-3710-0A0B7AAB59E0}"
EndProject
Global
	GlobalSection(SolutionConfigurationPlatforms) = preSolution
		Debug|Any CPU = Debug|Any CPU
		Release|Any CPU = Release|Any CPU
	EndGlobalSection
	GlobalSection(ProjectConfigurationPlatforms) = postSolution
		{35493963-02FE-E20E-2AC4-50E2A6C30648}.Debug|Any CPU.ActiveCfg = Debug|Any CPU
		{35493963-02FE-E20E-2AC4-50E2A6C30648}.Debug|Any CPU.Build.0 = Debug|Any CPU
		{35493963-02FE-E20E-2AC4-50E2A6C30648}.Release|Any CPU.ActiveCfg = Release|Any CPU
		{35493963-02FE-E20E-2AC4-50E2A6C30648}.Release|Any CPU.Build.0 = Release|Any CPU
		{B3897355-01A4-4345-3710-0A0B7AAB59E0}.Debug|Any CPU.ActiveCfg = Debug|Any CPU
		{B3897355-01A4-4345-3710-0A0B7AAB59E0}.Debug|Any CPU.Build.0 = Debug|Any CPU
		{B3897355-01A4-4345-3710-0A0B7AAB59E0}.Release|Any CPU.ActiveCfg = Release|Any CPU
		{B3897355-01A4-4345-3710-0A0B7AAB59E0}.Release|Any CPU.Build.0 = Release|Any CPU
	EndGlobalSection
	GlobalSection(SolutionProperties) = preSolution
		HideSolutionNode = FALSE
	EndGlobalSection
	GlobalSection(MonoDevelopProperties) = preSolution
		StartupItem = Assembly-CSharp.csproj
	EndGlobalSection
EndGlobal
